
Microsoft Visual Studio Solution File, Format Version 12.00
# Visual Studio 15
VisualStudioVersion = 15.0.28307.136
MinimumVisualStudioVersion = 10.0.40219.1
Project("{FAE04EC0-301F-11D3-BF4B-00C04F79EFBC}") = "SamplePama", "SamplePama\SamplePama.csproj", "{10312E99-C84B-4DD4-AC34-B81699D7A920}"
EndProject
Global
	GlobalSection(SolutionConfigurationPlatforms) = preSolution
		Debug|Any CPU = Debug|Any CPU
		Release|Any CPU = Release|Any CPU
	EndGlobalSection
	GlobalSection(ProjectConfigurationPlatforms) = postSolution
		{10312E99-C84B-4DD4-AC34-B81699D7A920}.Debug|Any CPU.ActiveCfg = Debug|Any CPU
		{10312E99-C84B-4DD4-AC34-B81699D7A920}.Debug|Any CPU.Build.0 = Debug|Any CPU
		{10312E99-C84B-4DD4-AC34-B81699D7A920}.Release|Any CPU.ActiveCfg = Release|Any CPU
		{10312E99-C84B-4DD4-AC34-B81699D7A920}.Release|Any CPU.Build.0 = Release|Any CPU
	EndGlobalSection
	GlobalSection(SolutionProperties) = preSolution
		HideSolutionNode = FALSE
	EndGlobalSection
	GlobalSection(ExtensibilityGlobals) = postSolution
		SolutionGuid = {8D78AEC5-880A-4DCD-9D55-ED98928FBD4E}
	EndGlobalSection
EndGlobal
